
Microsoft Visual Studio Solution File, Format Version 12.00
# Visual Studio Version 16
VisualStudioVersion = 16.0.32802.440
MinimumVisualStudioVersion = 10.0.40219.1
Project("{FAE04EC0-301F-11D3-BF4B-00C04F79EFBC}") = "Minggu1 Component Oriented", "perkenalan\Minggu1 Component Oriented.csproj", "{5A1C70EF-B675-4866-AAAC-11E771B597ED}"
EndProject
Project("{FAE04EC0-301F-11D3-BF4B-00C04F79EFBC}") = "Minggu2 - PhoneBook", "Minggu2 - PhoneBook\Minggu2 - PhoneBook.csproj", "{77D6083D-907D-40DF-8224-BE6E46AE7495}"
EndProject
Global
	GlobalSection(SolutionConfigurationPlatforms) = preSolution
		Debug|Any CPU = Debug|Any CPU
		Release|Any CPU = Release|Any CPU
	EndGlobalSection
	GlobalSection(ProjectConfigurationPlatforms) = postSolution
		{5A1C70EF-B675-4866-AAAC-11E771B597ED}.Debug|Any CPU.ActiveCfg = Debug|Any CPU
		{5A1C70EF-B675-4866-AAAC-11E771B597ED}.Debug|Any CPU.Build.0 = Debug|Any CPU
		{5A1C70EF-B675-4866-AAAC-11E771B597ED}.Release|Any CPU.ActiveCfg = Release|Any CPU
		{5A1C70EF-B675-4866-AAAC-11E771B597ED}.Release|Any CPU.Build.0 = Release|Any CPU
		{77D6083D-907D-40DF-8224-BE6E46AE7495}.Debug|Any CPU.ActiveCfg = Debug|Any CPU
		{77D6083D-907D-40DF-8224-BE6E46AE7495}.Debug|Any CPU.Build.0 = Debug|Any CPU
		{77D6083D-907D-40DF-8224-BE6E46AE7495}.Release|Any CPU.ActiveCfg = Release|Any CPU
		{77D6083D-907D-40DF-8224-BE6E46AE7495}.Release|Any CPU.Build.0 = Release|Any CPU
	EndGlobalSection
	GlobalSection(SolutionProperties) = preSolution
		HideSolutionNode = FALSE
	EndGlobalSection
	GlobalSection(ExtensibilityGlobals) = postSolution
		SolutionGuid = {588DEE83-CDE9-4495-AC7E-76D59A554080}
	EndGlobalSection
EndGlobal
