
Microsoft Visual Studio Solution File, Format Version 12.00
# Visual Studio Version 16
VisualStudioVersion = 16.0.32802.440
MinimumVisualStudioVersion = 10.0.40219.1
Project("{FAE04EC0-301F-11D3-BF4B-00C04F79EFBC}") = "Minggu1 Component Oriented", "perkenalan\Minggu1 Component Oriented.csproj", "{5A1C70EF-B675-4866-AAAC-11E771B597ED}"
EndProject
Project("{FAE04EC0-301F-11D3-BF4B-00C04F79EFBC}") = "Minggu2 - PhoneBook", "Minggu2 - PhoneBook\Minggu2 - PhoneBook.csproj", "{77D6083D-907D-40DF-8224-BE6E46AE7495}"
EndProject
Project("{FAE04EC0-301F-11D3-BF4B-00C04F79EFBC}") = "Minggu3_Dialogs", "Minggu3_Dialogs\Minggu3_Dialogs.csproj", "{B771AD8C-9BCA-486B-8DE2-2FF1E82C555A}"
EndProject
Project("{FAE04EC0-301F-11D3-BF4B-00C04F79EFBC}") = "Minggu4DynamicComponent", "Minggu4DynamicComponent\Minggu4DynamicComponent.csproj", "{737CAA76-0ECD-4500-8FA0-06874A2A6B33}"
EndProject
Project("{FAE04EC0-301F-11D3-BF4B-00C04F79EFBC}") = "Minggu5FileIO", "Minggu5FileIO\Minggu5FileIO.csproj", "{03222DC7-BAA1-406E-8AA1-44EFBAE5ABFE}"
EndProject
Project("{FAE04EC0-301F-11D3-BF4B-00C04F79EFBC}") = "Minggu6DataGridView", "Minggu6DataGridView\Minggu6DataGridView.csproj", "{4D8B094A-BA35-4AAF-929F-748F4B9D5DBB}"
EndProject
Project("{FAE04EC0-301F-11D3-BF4B-00C04F79EFBC}") = "KelasLib", "KelasLib\KelasLib.csproj", "{32DE6EAA-8712-4FD2-9568-18390CD1079B}"
EndProject
Global
	GlobalSection(SolutionConfigurationPlatforms) = preSolution
		Debug|Any CPU = Debug|Any CPU
		Release|Any CPU = Release|Any CPU
	EndGlobalSection
	GlobalSection(ProjectConfigurationPlatforms) = postSolution
		{5A1C70EF-B675-4866-AAAC-11E771B597ED}.Debug|Any CPU.ActiveCfg = Debug|Any CPU
		{5A1C70EF-B675-4866-AAAC-11E771B597ED}.Debug|Any CPU.Build.0 = Debug|Any CPU
		{5A1C70EF-B675-4866-AAAC-11E771B597ED}.Release|Any CPU.ActiveCfg = Release|Any CPU
		{5A1C70EF-B675-4866-AAAC-11E771B597ED}.Release|Any CPU.Build.0 = Release|Any CPU
		{77D6083D-907D-40DF-8224-BE6E46AE7495}.Debug|Any CPU.ActiveCfg = Debug|Any CPU
		{77D6083D-907D-40DF-8224-BE6E46AE7495}.Debug|Any CPU.Build.0 = Debug|Any CPU
		{77D6083D-907D-40DF-8224-BE6E46AE7495}.Release|Any CPU.ActiveCfg = Release|Any CPU
		{77D6083D-907D-40DF-8224-BE6E46AE7495}.Release|Any CPU.Build.0 = Release|Any CPU
		{B771AD8C-9BCA-486B-8DE2-2FF1E82C555A}.Debug|Any CPU.ActiveCfg = Debug|Any CPU
		{B771AD8C-9BCA-486B-8DE2-2FF1E82C555A}.Debug|Any CPU.Build.0 = Debug|Any CPU
		{B771AD8C-9BCA-486B-8DE2-2FF1E82C555A}.Release|Any CPU.ActiveCfg = Release|Any CPU
		{B771AD8C-9BCA-486B-8DE2-2FF1E82C555A}.Release|Any CPU.Build.0 = Release|Any CPU
		{737CAA76-0ECD-4500-8FA0-06874A2A6B33}.Debug|Any CPU.ActiveCfg = Debug|Any CPU
		{737CAA76-0ECD-4500-8FA0-06874A2A6B33}.Debug|Any CPU.Build.0 = Debug|Any CPU
		{737CAA76-0ECD-4500-8FA0-06874A2A6B33}.Release|Any CPU.ActiveCfg = Release|Any CPU
		{737CAA76-0ECD-4500-8FA0-06874A2A6B33}.Release|Any CPU.Build.0 = Release|Any CPU
		{03222DC7-BAA1-406E-8AA1-44EFBAE5ABFE}.Debug|Any CPU.ActiveCfg = Debug|Any CPU
		{03222DC7-BAA1-406E-8AA1-44EFBAE5ABFE}.Debug|Any CPU.Build.0 = Debug|Any CPU
		{03222DC7-BAA1-406E-8AA1-44EFBAE5ABFE}.Release|Any CPU.ActiveCfg = Release|Any CPU
		{03222DC7-BAA1-406E-8AA1-44EFBAE5ABFE}.Release|Any CPU.Build.0 = Release|Any CPU
		{4D8B094A-BA35-4AAF-929F-748F4B9D5DBB}.Debug|Any CPU.ActiveCfg = Debug|Any CPU
		{4D8B094A-BA35-4AAF-929F-748F4B9D5DBB}.Debug|Any CPU.Build.0 = Debug|Any CPU
		{4D8B094A-BA35-4AAF-929F-748F4B9D5DBB}.Release|Any CPU.ActiveCfg = Release|Any CPU
		{4D8B094A-BA35-4AAF-929F-748F4B9D5DBB}.Release|Any CPU.Build.0 = Release|Any CPU
		{32DE6EAA-8712-4FD2-9568-18390CD1079B}.Debug|Any CPU.ActiveCfg = Debug|Any CPU
		{32DE6EAA-8712-4FD2-9568-18390CD1079B}.Debug|Any CPU.Build.0 = Debug|Any CPU
		{32DE6EAA-8712-4FD2-9568-18390CD1079B}.Release|Any CPU.ActiveCfg = Release|Any CPU
		{32DE6EAA-8712-4FD2-9568-18390CD1079B}.Release|Any CPU.Build.0 = Release|Any CPU
	EndGlobalSection
	GlobalSection(SolutionProperties) = preSolution
		HideSolutionNode = FALSE
	EndGlobalSection
	GlobalSection(ExtensibilityGlobals) = postSolution
		SolutionGuid = {588DEE83-CDE9-4495-AC7E-76D59A554080}
	EndGlobalSection
EndGlobal
